{
  "originHash" : "01de5ae71524ae10c69e5c0eb0b415031d2356fd8d89f7873d91a3c46ae64993",
  "pins" : [
    {
      "identity" : "lightweightchartsios",
      "kind" : "remoteSourceControl",
      "location" : "https://github.com/tradingview/LightweightChartsIOS.git",
      "state" : {
        "revision" : "7eb7c0145df060d490555c97e70c829c2b53297e",
        "version" : "5.2.0"
      }
    },
    {
      "identity" : "pow",
      "kind" : "remoteSourceControl",
      "location" : "https://github.com/EmergeTools/Pow",
      "state" : {
        "revision" : "1b4b1dda28c50b95f0872927ee2226fe8b58950e",
        "version" : "1.0.6"
      }
    }
  ],
  "version" : 3
}
